<?xml version="1.0" encoding="utf-8"?>
<Project ToolsVersion="4.0" xmlns="http://schemas.microsoft.com/developer/msbuild/2003">
  <ItemGroup>
    <FxCompile Include="$(MSBuildThisFileDirectory)BitonicSort.hlsl">
      <Filter>Compute</Filter>
    </FxCompile>
    <FxCompile Include="$(MSBuildThisFileDirectory)CreateNeighborTable.hlsl">
      <Filter>Compute</Filter>
    </FxCompile>
    <FxCompile Include="$(MSBuildThisFileDirectory)CreateHash.hlsl">
      <Filter>Compute</Filter>
    </FxCompile>
    <FxCompile Include="$(MSBuildThisFileDirectory)Global_SPH.hlsli">
      <Filter>Include</Filter>
    </FxCompile>
    <FxCompile Include="$(MSBuildThisFileDirectory)HardCoded3DShader.hlsl">
      <Filter>Render</Filter>
    </FxCompile>
    <FxCompile Include="$(MSBuildThisFileDirectory)OutlineShader.hlsl">
      <Filter>Render</Filter>
    </FxCompile>
    <FxCompile Include="$(MSBuildThisFileDirectory)RecordFrontDepthShader.hlsl">
      <Filter>Render</Filter>
    </FxCompile>
    <FxCompile Include="$(MSBuildThisFileDirectory)RenderSphere.hlsl">
      <Filter>Render</Filter>
    </FxCompile>
    <FxCompile Include="$(MSBuildThisFileDirectory)VisualizeDepth.hlsl">
      <Filter>Render</Filter>
    </FxCompile>
    <FxCompile Include="$(MSBuildThisFileDirectory)CreateNormal.hlsl">
      <Filter>Compute</Filter>
    </FxCompile>
    <FxCompile Include="$(MSBuildThisFileDirectory)DrawBackGround.hlsl">
      <Filter>Render</Filter>
    </FxCompile>
    <FxCompile Include="$(MSBuildThisFileDirectory)RecordBackwardDepth.hlsl">
      <Filter>Render</Filter>
    </FxCompile>
    <FxCompile Include="$(MSBuildThisFileDirectory)CalculateThickness.hlsl">
      <Filter>Compute</Filter>
    </FxCompile>
    <FxCompile Include="$(MSBuildThisFileDirectory)Composite.hlsl">
      <Filter>Render</Filter>
    </FxCompile>
    <FxCompile Include="$(MSBuildThisFileDirectory)NarrowBandHorizontalFilter.hlsl">
      <Filter>Compute</Filter>
    </FxCompile>
    <FxCompile Include="$(MSBuildThisFileDirectory)NarrowBandVerticalFilter.hlsl">
      <Filter>Compute</Filter>
    </FxCompile>
    <FxCompile Include="$(MSBuildThisFileDirectory)visualizeBoundary.hlsl">
      <Filter>Render</Filter>
    </FxCompile>
    <FxCompile Include="$(MSBuildThisFileDirectory)Renderthickness.hlsl">
      <Filter>Render</Filter>
    </FxCompile>
    <FxCompile Include="$(MSBuildThisFileDirectory)ComputeDivergenceError.hlsl">
      <Filter>Compute</Filter>
    </FxCompile>
    <FxCompile Include="$(MSBuildThisFileDirectory)CorrectDivergenceError.hlsl">
      <Filter>Compute</Filter>
    </FxCompile>
    <FxCompile Include="$(MSBuildThisFileDirectory)ComputeDensityError.hlsl">
      <Filter>Compute</Filter>
    </FxCompile>
    <FxCompile Include="$(MSBuildThisFileDirectory)CorrectDensityError.hlsl">
      <Filter>Compute</Filter>
    </FxCompile>
    <FxCompile Include="$(MSBuildThisFileDirectory)ComputeNonpressureForce.hlsl">
      <Filter>Compute</Filter>
    </FxCompile>
    <FxCompile Include="$(MSBuildThisFileDirectory)ParticleAdvect.hlsl">
      <Filter>Compute</Filter>
    </FxCompile>
    <FxCompile Include="$(MSBuildThisFileDirectory)ParallelReductionOnGroup.hlsl">
      <Filter>Compute</Filter>
    </FxCompile>
    <FxCompile Include="$(MSBuildThisFileDirectory)ParallelReductionOnGroupSum.hlsl">
      <Filter>Compute</Filter>
    </FxCompile>
    <FxCompile Include="$(MSBuildThisFileDirectory)ApplyAcceleration.hlsl">
      <Filter>Compute</Filter>
    </FxCompile>
    <FxCompile Include="$(MSBuildThisFileDirectory)CreateVolumeMap.hlsl">
      <Filter>Compute</Filter>
    </FxCompile>
  </ItemGroup>
  <ItemGroup>
    <Filter Include="Include">
      <UniqueIdentifier>{825d5ec0-b44b-4f2d-b94a-563b30f6a024}</UniqueIdentifier>
    </Filter>
    <Filter Include="Compute">
      <UniqueIdentifier>{37d182b1-81e8-4d0a-8e12-5fca3737661a}</UniqueIdentifier>
    </Filter>
    <Filter Include="Render">
      <UniqueIdentifier>{b3ad5d2c-a24a-4eb5-b440-8ee1783ab2d9}</UniqueIdentifier>
    </Filter>
  </ItemGroup>
  <ItemGroup>
    <None Include="$(MSBuildThisFileDirectory)Global.hlsli">
      <Filter>Include</Filter>
    </None>
    <None Include="$(MSBuildThisFileDirectory)ComputeDensityAndAlpha.hlsl">
      <Filter>Compute</Filter>
    </None>
  </ItemGroup>
</Project>