<?xml version="1.0" encoding="utf-8"?>
<Project ToolsVersion="4.0" xmlns="http://schemas.microsoft.com/developer/msbuild/2003">
  <ItemGroup>
    <FxCompile Include="$(MSBuildThisFileDirectory)BaseShader.hlsl" />
    <FxCompile Include="$(MSBuildThisFileDirectory)CompleteCountingSort.hlsl" />
    <FxCompile Include="$(MSBuildThisFileDirectory)CompletePrefixSum.hlsl" />
    <FxCompile Include="$(MSBuildThisFileDirectory)CreateNeighborTable.hlsl" />
    <FxCompile Include="$(MSBuildThisFileDirectory)Global_SPH.hlsli" />
    <FxCompile Include="$(MSBuildThisFileDirectory)CreateCountingBuffer.hlsl" />
    <FxCompile Include="$(MSBuildThisFileDirectory)PrefixSumOnGroupSum.hlsl" />
    <FxCompile Include="$(MSBuildThisFileDirectory)PrefixsumOnThreadGroup.hlsl" />
    <FxCompile Include="$(MSBuildThisFileDirectory)TestShader.hlsl" />
    <FxCompile Include="$(MSBuildThisFileDirectory)HardCoded3DShader.hlsl" />
    <FxCompile Include="$(MSBuildThisFileDirectory)CalculatePressureAndDensity.hlsl" />
    <FxCompile Include="$(MSBuildThisFileDirectory)UpdateParticlePosition.hlsl" />
    <FxCompile Include="$(MSBuildThisFileDirectory)BitonicSort.hlsl" />
    <FxCompile Include="$(MSBuildThisFileDirectory)CreateHash.hlsl" />
    <FxCompile Include="$(MSBuildThisFileDirectory)CalculateForce.hlsl" />
  </ItemGroup>
  <ItemGroup>
    <None Include="$(MSBuildThisFileDirectory)Global.hlsli" />
  </ItemGroup>
</Project>